
Microsoft Visual Studio Solution File, Format Version 12.00
# Visual Studio Version 16
VisualStudioVersion = 16.0.28803.202
MinimumVisualStudioVersion = 10.0.40219.1
Project("{FAE04EC0-301F-11D3-BF4B-00C04F79EFBC}") = "EmployeeApp", "EmployeeApp\EmployeeApp.csproj", "{B9968079-DEB8-4EDB-A574-0D1F48230EFB}"
EndProject
Global
	GlobalSection(SolutionConfigurationPlatforms) = preSolution
		Debug|Any CPU = Debug|Any CPU
		Release|Any CPU = Release|Any CPU
	EndGlobalSection
	GlobalSection(ProjectConfigurationPlatforms) = postSolution
		{B9968079-DEB8-4EDB-A574-0D1F48230EFB}.Debug|Any CPU.ActiveCfg = Debug|Any CPU
		{B9968079-DEB8-4EDB-A574-0D1F48230EFB}.Debug|Any CPU.Build.0 = Debug|Any CPU
		{B9968079-DEB8-4EDB-A574-0D1F48230EFB}.Release|Any CPU.ActiveCfg = Release|Any CPU
		{B9968079-DEB8-4EDB-A574-0D1F48230EFB}.Release|Any CPU.Build.0 = Release|Any CPU
	EndGlobalSection
	GlobalSection(SolutionProperties) = preSolution
		HideSolutionNode = FALSE
	EndGlobalSection
	GlobalSection(ExtensibilityGlobals) = postSolution
		SolutionGuid = {F42028C2-BD3E-4F3F-8601-5FC9AAC4C0A7}
	EndGlobalSection
EndGlobal
